
Microsoft Visual Studio Solution File, Format Version 12.00
# Visual Studio 15
VisualStudioVersion = 15.0.27428.2015
MinimumVisualStudioVersion = 10.0.40219.1
Project("{9A19103F-16F7-4668-BE54-9A1E7A4F7556}") = "PersonProj", "Car\PersonProj.csproj", "{B1C6A86F-7A0F-4657-AACF-4DBBA3EFC9EF}"
EndProject
Project("{FAE04EC0-301F-11D3-BF4B-00C04F79EFBC}") = "BookProj", "BookProj\BookProj.csproj", "{5CBA6EC2-D117-40F9-B66B-2D9DA68F98F1}"
EndProject
Global
	GlobalSection(SolutionConfigurationPlatforms) = preSolution
		Debug|Any CPU = Debug|Any CPU
		Release|Any CPU = Release|Any CPU
	EndGlobalSection
	GlobalSection(ProjectConfigurationPlatforms) = postSolution
		{B1C6A86F-7A0F-4657-AACF-4DBBA3EFC9EF}.Debug|Any CPU.ActiveCfg = Debug|Any CPU
		{B1C6A86F-7A0F-4657-AACF-4DBBA3EFC9EF}.Debug|Any CPU.Build.0 = Debug|Any CPU
		{B1C6A86F-7A0F-4657-AACF-4DBBA3EFC9EF}.Release|Any CPU.ActiveCfg = Release|Any CPU
		{B1C6A86F-7A0F-4657-AACF-4DBBA3EFC9EF}.Release|Any CPU.Build.0 = Release|Any CPU
		{5CBA6EC2-D117-40F9-B66B-2D9DA68F98F1}.Debug|Any CPU.ActiveCfg = Debug|Any CPU
		{5CBA6EC2-D117-40F9-B66B-2D9DA68F98F1}.Debug|Any CPU.Build.0 = Debug|Any CPU
		{5CBA6EC2-D117-40F9-B66B-2D9DA68F98F1}.Release|Any CPU.ActiveCfg = Release|Any CPU
		{5CBA6EC2-D117-40F9-B66B-2D9DA68F98F1}.Release|Any CPU.Build.0 = Release|Any CPU
	EndGlobalSection
	GlobalSection(SolutionProperties) = preSolution
		HideSolutionNode = FALSE
	EndGlobalSection
	GlobalSection(ExtensibilityGlobals) = postSolution
		SolutionGuid = {A549B256-06ED-4968-887F-F9D9FC3B5FDA}
	EndGlobalSection
EndGlobal
